
Microsoft Visual Studio Solution File, Format Version 12.00
# Visual Studio Version 17
VisualStudioVersion = 17.8.34408.163
MinimumVisualStudioVersion = 10.0.40219.1
Project("{FAE04EC0-301F-11D3-BF4B-00C04F79EFBC}") = "ConsoleApp", "ConsoleApp\ConsoleApp.csproj", "{C36DC435-D8C5-4CDF-863F-464ACA010E23}"
EndProject
Global
	GlobalSection(SolutionConfigurationPlatforms) = preSolution
		Debug|Any CPU = Debug|Any CPU
		Release|Any CPU = Release|Any CPU
	EndGlobalSection
	GlobalSection(ProjectConfigurationPlatforms) = postSolution
		{C36DC435-D8C5-4CDF-863F-464ACA010E23}.Debug|Any CPU.ActiveCfg = Debug|Any CPU
		{C36DC435-D8C5-4CDF-863F-464ACA010E23}.Debug|Any CPU.Build.0 = Debug|Any CPU
		{C36DC435-D8C5-4CDF-863F-464ACA010E23}.Release|Any CPU.ActiveCfg = Release|Any CPU
		{C36DC435-D8C5-4CDF-863F-464ACA010E23}.Release|Any CPU.Build.0 = Release|Any CPU
	EndGlobalSection
	GlobalSection(SolutionProperties) = preSolution
		HideSolutionNode = FALSE
	EndGlobalSection
	GlobalSection(ExtensibilityGlobals) = postSolution
		SolutionGuid = {EB53D475-3AAC-42FA-8BC4-168CA53949B7}
	EndGlobalSection
EndGlobal
